
Microsoft Visual Studio Solution File, Format Version 12.00
# Visual Studio Version 17
VisualStudioVersion = 17.14.36203.30
MinimumVisualStudioVersion = 10.0.40219.1
Project("{FAE04EC0-301F-11D3-BF4B-00C04F79EFBC}") = "DesktopApplication", "DesktopApplication\DesktopApplication.csproj", "{FFACEB4D-6969-4FDC-AE50-E3B564046DD7}"
EndProject
Project("{FAE04EC0-301F-11D3-BF4B-00C04F79EFBC}") = "Database", "Database\Database.csproj", "{304BD63C-33E2-496B-92D5-C8EDEA2C443F}"
EndProject
Global
	GlobalSection(SolutionConfigurationPlatforms) = preSolution
		Debug|Any CPU = Debug|Any CPU
		Release|Any CPU = Release|Any CPU
	EndGlobalSection
	GlobalSection(ProjectConfigurationPlatforms) = postSolution
		{FFACEB4D-6969-4FDC-AE50-E3B564046DD7}.Debug|Any CPU.ActiveCfg = Debug|Any CPU
		{FFACEB4D-6969-4FDC-AE50-E3B564046DD7}.Debug|Any CPU.Build.0 = Debug|Any CPU
		{FFACEB4D-6969-4FDC-AE50-E3B564046DD7}.Release|Any CPU.ActiveCfg = Release|Any CPU
		{FFACEB4D-6969-4FDC-AE50-E3B564046DD7}.Release|Any CPU.Build.0 = Release|Any CPU
		{304BD63C-33E2-496B-92D5-C8EDEA2C443F}.Debug|Any CPU.ActiveCfg = Debug|Any CPU
		{304BD63C-33E2-496B-92D5-C8EDEA2C443F}.Debug|Any CPU.Build.0 = Debug|Any CPU
		{304BD63C-33E2-496B-92D5-C8EDEA2C443F}.Release|Any CPU.ActiveCfg = Release|Any CPU
		{304BD63C-33E2-496B-92D5-C8EDEA2C443F}.Release|Any CPU.Build.0 = Release|Any CPU
	EndGlobalSection
	GlobalSection(SolutionProperties) = preSolution
		HideSolutionNode = FALSE
	EndGlobalSection
	GlobalSection(ExtensibilityGlobals) = postSolution
		SolutionGuid = {A7496858-74BC-4DF5-AC9C-55AF79427C3B}
	EndGlobalSection
EndGlobal
